
Microsoft Visual Studio Solution File, Format Version 12.00
# Visual Studio Version 17
VisualStudioVersion = 17.10.34916.146
MinimumVisualStudioVersion = 10.0.40219.1
Project("{FAE04EC0-301F-11D3-BF4B-00C04F79EFBC}") = "Abstracciones", "Abstracciones\Abstracciones.csproj", "{40C74958-1804-4C74-B704-2D6DC060DB3F}"
EndProject
Project("{00D1A9C2-B5F0-4AF3-8072-F6C62B433612}") = "DB", "DB\DB.sqlproj", "{046B0ACF-25F2-404E-BDEE-8E05FFFE55AF}"
EndProject
Global
	GlobalSection(SolutionConfigurationPlatforms) = preSolution
		Debug|Any CPU = Debug|Any CPU
		Release|Any CPU = Release|Any CPU
	EndGlobalSection
	GlobalSection(ProjectConfigurationPlatforms) = postSolution
		{40C74958-1804-4C74-B704-2D6DC060DB3F}.Debug|Any CPU.ActiveCfg = Debug|Any CPU
		{40C74958-1804-4C74-B704-2D6DC060DB3F}.Debug|Any CPU.Build.0 = Debug|Any CPU
		{40C74958-1804-4C74-B704-2D6DC060DB3F}.Release|Any CPU.ActiveCfg = Release|Any CPU
		{40C74958-1804-4C74-B704-2D6DC060DB3F}.Release|Any CPU.Build.0 = Release|Any CPU
		{046B0ACF-25F2-404E-BDEE-8E05FFFE55AF}.Debug|Any CPU.ActiveCfg = Debug|Any CPU
		{046B0ACF-25F2-404E-BDEE-8E05FFFE55AF}.Debug|Any CPU.Build.0 = Debug|Any CPU
		{046B0ACF-25F2-404E-BDEE-8E05FFFE55AF}.Debug|Any CPU.Deploy.0 = Debug|Any CPU
		{046B0ACF-25F2-404E-BDEE-8E05FFFE55AF}.Release|Any CPU.ActiveCfg = Release|Any CPU
		{046B0ACF-25F2-404E-BDEE-8E05FFFE55AF}.Release|Any CPU.Build.0 = Release|Any CPU
		{046B0ACF-25F2-404E-BDEE-8E05FFFE55AF}.Release|Any CPU.Deploy.0 = Release|Any CPU
	EndGlobalSection
	GlobalSection(SolutionProperties) = preSolution
		HideSolutionNode = FALSE
	EndGlobalSection
	GlobalSection(ExtensibilityGlobals) = postSolution
		SolutionGuid = {334113F5-33E2-4B4D-B0CD-1F38771FCB65}
	EndGlobalSection
EndGlobal
